{
  "nodes": {
    "iago-nix": {
      "locked": {
        "narHash": "sha256-1YPRoAeIs87jgH4zesXwnab8EEiri/ZLObdI8RYefrQ=",
        "path": "..",
        "type": "path"
      },
      "original": {
        "path": "..",
        "type": "path"
      }
    },
    "nixpkgs": {
      "locked": {
        "lastModified": 1639620400,
        "narHash": "sha256-I059qOrq0zh8ZD1AOposO7KXAOnhbWZ041Ya5an5Uyg=",
        "path": "/nix/store/p6qd01yhs7knrcakcykbzbaw3p5m2njv-source",
        "rev": "988b006652156f21a0dfd47833ba3610e6200d55",
        "type": "path"
      },
      "original": {
        "id": "nixpkgs",
        "type": "indirect"
      }
    },
    "root": {
      "inputs": {
        "iago-nix": "iago-nix",
        "nixpkgs": "nixpkgs"
      }
    }
  },
  "root": "root",
  "version": 7
}
