{
  "nodes": {
    "iago-nix": {
      "locked": {
        "narHash": "sha256-srPyOxtzx1D+hAlrTM9tJmDK5BhXmtFXbGB33y9TJw4=",
        "path": "..",
        "type": "path"
      },
      "original": {
        "path": "..",
        "type": "path"
      }
    },
    "nixpkgs": {
      "locked": {
        "narHash": "sha256-bFI96ckrJ5/MvqvsexVTAWLope2EQCVZkDbC1fyPbSc=",
        "path": "/nix/store/g0d6y5bbpfkaxhak31vqxjacaq8l4vg3-source",
        "type": "path"
      },
      "original": {
        "id": "nixpkgs",
        "type": "indirect"
      }
    },
    "root": {
      "inputs": {
        "iago-nix": "iago-nix",
        "nixpkgs": "nixpkgs"
      }
    }
  },
  "root": "root",
  "version": 7
}
