{
  "nodes": {
    "iago-nix": {
      "locked": {
        "narHash": "sha256-8biyghyGrx0LEDINLR8scxpyB2ur2qtnwNJg9ptN2Q8=",
        "path": "..",
        "type": "path"
      },
      "original": {
        "path": "..",
        "type": "path"
      }
    },
    "nixpkgs": {
      "locked": {
        "lastModified": 1631725679,
        "narHash": "sha256-EXFxVj4rN3IN8o6OSipUH2JczePbRkkUvF+ZMan9xm4=",
        "owner": "NixOS",
        "repo": "nixpkgs",
        "rev": "2bb5cbf7f8b99a8d1d6646abe5ab993f6823212f",
        "type": "github"
      },
      "original": {
        "owner": "NixOS",
        "repo": "nixpkgs",
        "type": "github"
      }
    },
    "root": {
      "inputs": {
        "iago-nix": "iago-nix",
        "nixpkgs": "nixpkgs"
      }
    }
  },
  "root": "root",
  "version": 7
}
